github.com/nfnt/resize v0.0.0-20180221191011-83c6a9932646 h1:zYyBkD/k9seD2A7fsi6Oo2LfFZAehjjQMERAvZLEDnQ=
github.com/nfnt/resize v0.0.0-20180221191011-83c6a9932646/go.mod h1:jpp1/29i3P1S/RLdc7JQKbRpFeM1dOBd8T9ki5s+AY8=
github.com/thedevsaddam/gojsonq v1.9.1 h1:zQulEP43nwmq5EKrNWyIgJVbqDeMdC1qzXM/f5O15a0=
github.com/thedevsaddam/gojsonq v1.9.1/go.mod h1:RBcQaITThgJAAYKH7FNp2onYodRz8URfsuEGpAch0NA=
github.com/yalue/onnxruntime_go v1.12.1 h1:joCCmBnNjHy04jK9EMP/UV6oPPqySXlRgf3gcUcnI/g=
github.com/yalue/onnxruntime_go v1.12.1/go.mod h1:b4X26A8pekNb1ACJ58wAXgNKeUCGEAQ9dmACut9Sm/4=
